
Microsoft Visual Studio Solution File, Format Version 12.00
# Visual Studio Version 17
VisualStudioVersion = 17.2.32630.192
MinimumVisualStudioVersion = 10.0.40219.1
Project("{9A19103F-16F7-4668-BE54-9A1E7A4F7556}") = "R5T.F0046.Construction", "R5T.F0046.Construction\R5T.F0046.Construction.csproj", "{88194EB2-2F5E-4CB3-9A86-B222BF39C8D3}"
EndProject
Project("{9A19103F-16F7-4668-BE54-9A1E7A4F7556}") = "R5T.F0046", "R5T.F0046\R5T.F0046.csproj", "{AA5F7591-DC5C-45E1-A2C7-D903CF30ECDB}"
EndProject
Global
	GlobalSection(SolutionConfigurationPlatforms) = preSolution
		Debug|Any CPU = Debug|Any CPU
		Release|Any CPU = Release|Any CPU
	EndGlobalSection
	GlobalSection(ProjectConfigurationPlatforms) = postSolution
		{88194EB2-2F5E-4CB3-9A86-B222BF39C8D3}.Debug|Any CPU.ActiveCfg = Debug|Any CPU
		{88194EB2-2F5E-4CB3-9A86-B222BF39C8D3}.Debug|Any CPU.Build.0 = Debug|Any CPU
		{88194EB2-2F5E-4CB3-9A86-B222BF39C8D3}.Release|Any CPU.ActiveCfg = Release|Any CPU
		{88194EB2-2F5E-4CB3-9A86-B222BF39C8D3}.Release|Any CPU.Build.0 = Release|Any CPU
		{AA5F7591-DC5C-45E1-A2C7-D903CF30ECDB}.Debug|Any CPU.ActiveCfg = Debug|Any CPU
		{AA5F7591-DC5C-45E1-A2C7-D903CF30ECDB}.Debug|Any CPU.Build.0 = Debug|Any CPU
		{AA5F7591-DC5C-45E1-A2C7-D903CF30ECDB}.Release|Any CPU.ActiveCfg = Release|Any CPU
		{AA5F7591-DC5C-45E1-A2C7-D903CF30ECDB}.Release|Any CPU.Build.0 = Release|Any CPU
	EndGlobalSection
	GlobalSection(SolutionProperties) = preSolution
		HideSolutionNode = FALSE
	EndGlobalSection
	GlobalSection(ExtensibilityGlobals) = postSolution
		SolutionGuid = {EFDA7545-66D3-4872-9289-26636BFE750E}
	EndGlobalSection
EndGlobal
