
Microsoft Visual Studio Solution File, Format Version 12.00
# Visual Studio Version 17
VisualStudioVersion = 17.2.32630.192
MinimumVisualStudioVersion = 10.0.40219.1
Project("{9A19103F-16F7-4668-BE54-9A1E7A4F7556}") = "R5T.F0046", "R5T.F0046\R5T.F0046.csproj", "{19FBB9C8-15C3-4590-A1CE-2D281F81D29C}"
EndProject
Global
	GlobalSection(SolutionConfigurationPlatforms) = preSolution
		Debug|Any CPU = Debug|Any CPU
		Release|Any CPU = Release|Any CPU
	EndGlobalSection
	GlobalSection(ProjectConfigurationPlatforms) = postSolution
		{19FBB9C8-15C3-4590-A1CE-2D281F81D29C}.Debug|Any CPU.ActiveCfg = Debug|Any CPU
		{19FBB9C8-15C3-4590-A1CE-2D281F81D29C}.Debug|Any CPU.Build.0 = Debug|Any CPU
		{19FBB9C8-15C3-4590-A1CE-2D281F81D29C}.Release|Any CPU.ActiveCfg = Release|Any CPU
		{19FBB9C8-15C3-4590-A1CE-2D281F81D29C}.Release|Any CPU.Build.0 = Release|Any CPU
	EndGlobalSection
	GlobalSection(SolutionProperties) = preSolution
		HideSolutionNode = FALSE
	EndGlobalSection
	GlobalSection(ExtensibilityGlobals) = postSolution
		SolutionGuid = {57CDFEEA-CA4D-4A8B-BEC0-D8BF1876E696}
	EndGlobalSection
EndGlobal
