
Microsoft Visual Studio Solution File, Format Version 12.00
# Visual Studio Version 17
VisualStudioVersion = 17.2.32630.192
MinimumVisualStudioVersion = 10.0.40219.1
Project("{9A19103F-16F7-4668-BE54-9A1E7A4F7556}") = "R5T.F0046.Construction", "R5T.F0046.Construction\R5T.F0046.Construction.csproj", "{88194EB2-2F5E-4CB3-9A86-B222BF39C8D3}"
EndProject
Project("{9A19103F-16F7-4668-BE54-9A1E7A4F7556}") = "R5T.F0046", "R5T.F0046\R5T.F0046.csproj", "{AA5F7591-DC5C-45E1-A2C7-D903CF30ECDB}"
EndProject
Project("{2150E333-8FDC-42A3-9474-1A3956D46DE8}") = "_Dependencies", "_Dependencies", "{5E926851-83B7-41B6-A21B-60DCD5D934F7}"
EndProject
Project("{9A19103F-16F7-4668-BE54-9A1E7A4F7556}") = "R5T.F0000", "..\..\R5T.F0000\source\R5T.F0000\R5T.F0000.csproj", "{B96E39AF-B004-4591-865E-EB2621A4077A}"
EndProject
Project("{9A19103F-16F7-4668-BE54-9A1E7A4F7556}") = "R5T.F0044", "..\..\R5T.F0044\source\R5T.F0044\R5T.F0044.csproj", "{7A7DAA4E-2E70-4551-A0AC-554A53DE45B2}"
EndProject
Project("{9A19103F-16F7-4668-BE54-9A1E7A4F7556}") = "R5T.F0047", "..\..\R5T.F0047\source\R5T.F0047\R5T.F0047.csproj", "{010F2431-EDC1-4C7B-B7DD-3516C5AD2701}"
EndProject
Project("{9A19103F-16F7-4668-BE54-9A1E7A4F7556}") = "R5T.T0131", "..\..\R5T.T0131\source\R5T.T0131\R5T.T0131.csproj", "{8F772F51-AA8C-4934-8B3A-0825BF047B1D}"
EndProject
Project("{9A19103F-16F7-4668-BE54-9A1E7A4F7556}") = "R5T.T0132", "..\..\R5T.T0132\source\R5T.T0132\R5T.T0132.csproj", "{F71890F4-32FE-4030-A8BC-2BFD234CFA3F}"
EndProject
Project("{9A19103F-16F7-4668-BE54-9A1E7A4F7556}") = "R5T.T0142", "..\..\R5T.T0142\source\R5T.T0142\R5T.T0142.csproj", "{9ECAFA82-EB6A-4966-8A4B-174CA9B1D304}"
EndProject
Project("{9A19103F-16F7-4668-BE54-9A1E7A4F7556}") = "R5T.T0143", "..\..\R5T.T0143\source\R5T.T0143\R5T.T0143.csproj", "{595303AD-74BE-4333-B1C5-85CE0973EAB5}"
EndProject
Project("{9A19103F-16F7-4668-BE54-9A1E7A4F7556}") = "R5T.T0156", "..\..\R5T.T0156\source\R5T.T0156\R5T.T0156.csproj", "{6678268A-F4F8-4ABC-A4F4-801EDDC88D86}"
EndProject
Project("{9A19103F-16F7-4668-BE54-9A1E7A4F7556}") = "R5T.Y0000", "..\..\R5T.Y0000\source\R5T.Y0000\R5T.Y0000.csproj", "{3416BBC1-C930-4163-AD53-968E3F626B64}"
EndProject
Project("{9A19103F-16F7-4668-BE54-9A1E7A4F7556}") = "R5T.Z0000", "..\..\R5T.Z0000\source\R5T.Z0000\R5T.Z0000.csproj", "{135CC2AC-DBD0-41C9-BFA9-68B85FC852B6}"
EndProject
Project("{9A19103F-16F7-4668-BE54-9A1E7A4F7556}") = "R5T.Z0013", "..\..\R5T.Z0013\source\R5T.Z0013\R5T.Z0013.csproj", "{1D73EBF2-01B9-40E8-81A2-B17FE30ACDE5}"
EndProject
Global
	GlobalSection(NestedProjects) = preSolution
		{B96E39AF-B004-4591-865E-EB2621A4077A} = {5E926851-83B7-41B6-A21B-60DCD5D934F7}
		{7A7DAA4E-2E70-4551-A0AC-554A53DE45B2} = {5E926851-83B7-41B6-A21B-60DCD5D934F7}
		{010F2431-EDC1-4C7B-B7DD-3516C5AD2701} = {5E926851-83B7-41B6-A21B-60DCD5D934F7}
		{8F772F51-AA8C-4934-8B3A-0825BF047B1D} = {5E926851-83B7-41B6-A21B-60DCD5D934F7}
		{F71890F4-32FE-4030-A8BC-2BFD234CFA3F} = {5E926851-83B7-41B6-A21B-60DCD5D934F7}
		{9ECAFA82-EB6A-4966-8A4B-174CA9B1D304} = {5E926851-83B7-41B6-A21B-60DCD5D934F7}
		{595303AD-74BE-4333-B1C5-85CE0973EAB5} = {5E926851-83B7-41B6-A21B-60DCD5D934F7}
		{6678268A-F4F8-4ABC-A4F4-801EDDC88D86} = {5E926851-83B7-41B6-A21B-60DCD5D934F7}
		{3416BBC1-C930-4163-AD53-968E3F626B64} = {5E926851-83B7-41B6-A21B-60DCD5D934F7}
		{135CC2AC-DBD0-41C9-BFA9-68B85FC852B6} = {5E926851-83B7-41B6-A21B-60DCD5D934F7}
		{1D73EBF2-01B9-40E8-81A2-B17FE30ACDE5} = {5E926851-83B7-41B6-A21B-60DCD5D934F7}
	EndGlobalSection
	GlobalSection(SolutionConfigurationPlatforms) = preSolution
		Debug|Any CPU = Debug|Any CPU
		Release|Any CPU = Release|Any CPU
	EndGlobalSection
	GlobalSection(ProjectConfigurationPlatforms) = postSolution
		{88194EB2-2F5E-4CB3-9A86-B222BF39C8D3}.Debug|Any CPU.ActiveCfg = Debug|Any CPU
		{88194EB2-2F5E-4CB3-9A86-B222BF39C8D3}.Debug|Any CPU.Build.0 = Debug|Any CPU
		{88194EB2-2F5E-4CB3-9A86-B222BF39C8D3}.Release|Any CPU.ActiveCfg = Release|Any CPU
		{88194EB2-2F5E-4CB3-9A86-B222BF39C8D3}.Release|Any CPU.Build.0 = Release|Any CPU
		{AA5F7591-DC5C-45E1-A2C7-D903CF30ECDB}.Debug|Any CPU.ActiveCfg = Debug|Any CPU
		{AA5F7591-DC5C-45E1-A2C7-D903CF30ECDB}.Debug|Any CPU.Build.0 = Debug|Any CPU
		{AA5F7591-DC5C-45E1-A2C7-D903CF30ECDB}.Release|Any CPU.ActiveCfg = Release|Any CPU
		{AA5F7591-DC5C-45E1-A2C7-D903CF30ECDB}.Release|Any CPU.Build.0 = Release|Any CPU
		{B96E39AF-B004-4591-865E-EB2621A4077A}.Debug|Any CPU.ActiveCfg = Debug|Any CPU
		{B96E39AF-B004-4591-865E-EB2621A4077A}.Debug|Any CPU.Build.0 = Debug|Any CPU
		{B96E39AF-B004-4591-865E-EB2621A4077A}.Release|Any CPU.ActiveCfg = Release|Any CPU
		{B96E39AF-B004-4591-865E-EB2621A4077A}.Release|Any CPU.Build.0 = Release|Any CPU
		{7A7DAA4E-2E70-4551-A0AC-554A53DE45B2}.Debug|Any CPU.ActiveCfg = Debug|Any CPU
		{7A7DAA4E-2E70-4551-A0AC-554A53DE45B2}.Debug|Any CPU.Build.0 = Debug|Any CPU
		{7A7DAA4E-2E70-4551-A0AC-554A53DE45B2}.Release|Any CPU.ActiveCfg = Release|Any CPU
		{7A7DAA4E-2E70-4551-A0AC-554A53DE45B2}.Release|Any CPU.Build.0 = Release|Any CPU
		{010F2431-EDC1-4C7B-B7DD-3516C5AD2701}.Debug|Any CPU.ActiveCfg = Debug|Any CPU
		{010F2431-EDC1-4C7B-B7DD-3516C5AD2701}.Debug|Any CPU.Build.0 = Debug|Any CPU
		{010F2431-EDC1-4C7B-B7DD-3516C5AD2701}.Release|Any CPU.ActiveCfg = Release|Any CPU
		{010F2431-EDC1-4C7B-B7DD-3516C5AD2701}.Release|Any CPU.Build.0 = Release|Any CPU
		{8F772F51-AA8C-4934-8B3A-0825BF047B1D}.Debug|Any CPU.ActiveCfg = Debug|Any CPU
		{8F772F51-AA8C-4934-8B3A-0825BF047B1D}.Debug|Any CPU.Build.0 = Debug|Any CPU
		{8F772F51-AA8C-4934-8B3A-0825BF047B1D}.Release|Any CPU.ActiveCfg = Release|Any CPU
		{8F772F51-AA8C-4934-8B3A-0825BF047B1D}.Release|Any CPU.Build.0 = Release|Any CPU
		{F71890F4-32FE-4030-A8BC-2BFD234CFA3F}.Debug|Any CPU.ActiveCfg = Debug|Any CPU
		{F71890F4-32FE-4030-A8BC-2BFD234CFA3F}.Debug|Any CPU.Build.0 = Debug|Any CPU
		{F71890F4-32FE-4030-A8BC-2BFD234CFA3F}.Release|Any CPU.ActiveCfg = Release|Any CPU
		{F71890F4-32FE-4030-A8BC-2BFD234CFA3F}.Release|Any CPU.Build.0 = Release|Any CPU
		{9ECAFA82-EB6A-4966-8A4B-174CA9B1D304}.Debug|Any CPU.ActiveCfg = Debug|Any CPU
		{9ECAFA82-EB6A-4966-8A4B-174CA9B1D304}.Debug|Any CPU.Build.0 = Debug|Any CPU
		{9ECAFA82-EB6A-4966-8A4B-174CA9B1D304}.Release|Any CPU.ActiveCfg = Release|Any CPU
		{9ECAFA82-EB6A-4966-8A4B-174CA9B1D304}.Release|Any CPU.Build.0 = Release|Any CPU
		{595303AD-74BE-4333-B1C5-85CE0973EAB5}.Debug|Any CPU.ActiveCfg = Debug|Any CPU
		{595303AD-74BE-4333-B1C5-85CE0973EAB5}.Debug|Any CPU.Build.0 = Debug|Any CPU
		{595303AD-74BE-4333-B1C5-85CE0973EAB5}.Release|Any CPU.ActiveCfg = Release|Any CPU
		{595303AD-74BE-4333-B1C5-85CE0973EAB5}.Release|Any CPU.Build.0 = Release|Any CPU
		{6678268A-F4F8-4ABC-A4F4-801EDDC88D86}.Debug|Any CPU.ActiveCfg = Debug|Any CPU
		{6678268A-F4F8-4ABC-A4F4-801EDDC88D86}.Debug|Any CPU.Build.0 = Debug|Any CPU
		{6678268A-F4F8-4ABC-A4F4-801EDDC88D86}.Release|Any CPU.ActiveCfg = Release|Any CPU
		{6678268A-F4F8-4ABC-A4F4-801EDDC88D86}.Release|Any CPU.Build.0 = Release|Any CPU
		{3416BBC1-C930-4163-AD53-968E3F626B64}.Debug|Any CPU.ActiveCfg = Debug|Any CPU
		{3416BBC1-C930-4163-AD53-968E3F626B64}.Debug|Any CPU.Build.0 = Debug|Any CPU
		{3416BBC1-C930-4163-AD53-968E3F626B64}.Release|Any CPU.ActiveCfg = Release|Any CPU
		{3416BBC1-C930-4163-AD53-968E3F626B64}.Release|Any CPU.Build.0 = Release|Any CPU
		{135CC2AC-DBD0-41C9-BFA9-68B85FC852B6}.Debug|Any CPU.ActiveCfg = Debug|Any CPU
		{135CC2AC-DBD0-41C9-BFA9-68B85FC852B6}.Debug|Any CPU.Build.0 = Debug|Any CPU
		{135CC2AC-DBD0-41C9-BFA9-68B85FC852B6}.Release|Any CPU.ActiveCfg = Release|Any CPU
		{135CC2AC-DBD0-41C9-BFA9-68B85FC852B6}.Release|Any CPU.Build.0 = Release|Any CPU
		{1D73EBF2-01B9-40E8-81A2-B17FE30ACDE5}.Debug|Any CPU.ActiveCfg = Debug|Any CPU
		{1D73EBF2-01B9-40E8-81A2-B17FE30ACDE5}.Debug|Any CPU.Build.0 = Debug|Any CPU
		{1D73EBF2-01B9-40E8-81A2-B17FE30ACDE5}.Release|Any CPU.ActiveCfg = Release|Any CPU
		{1D73EBF2-01B9-40E8-81A2-B17FE30ACDE5}.Release|Any CPU.Build.0 = Release|Any CPU
	EndGlobalSection
	GlobalSection(SolutionProperties) = preSolution
		HideSolutionNode = FALSE
	EndGlobalSection
	GlobalSection(ExtensibilityGlobals) = postSolution
		SolutionGuid = {EFDA7545-66D3-4872-9289-26636BFE750E}
	EndGlobalSection
EndGlobal
