
Microsoft Visual Studio Solution File, Format Version 12.00
# Visual Studio Version 17
VisualStudioVersion = 17.2.32630.192
MinimumVisualStudioVersion = 10.0.40219.1
Project("{9A19103F-16F7-4668-BE54-9A1E7A4F7556}") = "R5T.F0046", "R5T.F0046\R5T.F0046.csproj", "{19FBB9C8-15C3-4590-A1CE-2D281F81D29C}"
EndProject
Project("{2150E333-8FDC-42A3-9474-1A3956D46DE8}") = "_Dependencies", "_Dependencies", "{E6436E96-B5A1-4671-A778-CB1A1CF81268}"
EndProject
Project("{9A19103F-16F7-4668-BE54-9A1E7A4F7556}") = "R5T.T0132", "..\..\R5T.T0132\source\R5T.T0132\R5T.T0132.csproj", "{FFF87C3F-4A59-4836-B09F-DD7474FE9CAB}"
EndProject
Project("{9A19103F-16F7-4668-BE54-9A1E7A4F7556}") = "R5T.Z0000", "..\..\R5T.Z0000\source\R5T.Z0000\R5T.Z0000.csproj", "{08F5BFDA-8342-4988-A22D-6B296CE9BF3B}"
EndProject
Project("{9A19103F-16F7-4668-BE54-9A1E7A4F7556}") = "R5T.F0047", "..\..\R5T.F0047\source\R5T.F0047\R5T.F0047.csproj", "{358FE03F-C7EB-4986-8A89-CF52830F14FC}"
EndProject
Project("{9A19103F-16F7-4668-BE54-9A1E7A4F7556}") = "R5T.F0000", "..\..\R5T.F0000\source\R5T.F0000\R5T.F0000.csproj", "{4B2246E5-255E-4E0E-8A6B-BF573D904C31}"
EndProject
Project("{9A19103F-16F7-4668-BE54-9A1E7A4F7556}") = "R5T.F0044", "..\..\R5T.F0044\source\R5T.F0044\R5T.F0044.csproj", "{AD19DC39-015A-445B-BD20-78F924CDCD6E}"
EndProject
Project("{9A19103F-16F7-4668-BE54-9A1E7A4F7556}") = "R5T.T0131", "..\..\R5T.T0131\source\R5T.T0131\R5T.T0131.csproj", "{922351E6-B894-4A57-85DB-CBA45BFF7351}"
EndProject
Project("{9A19103F-16F7-4668-BE54-9A1E7A4F7556}") = "R5T.T0142", "..\..\R5T.T0142\source\R5T.T0142\R5T.T0142.csproj", "{D67E152D-8605-4209-897E-12DD75DBAC36}"
EndProject
Project("{9A19103F-16F7-4668-BE54-9A1E7A4F7556}") = "R5T.T0143", "..\..\R5T.T0143\source\R5T.T0143\R5T.T0143.csproj", "{0D6A7834-A31A-4EF6-92EC-4633D8E1FBD3}"
EndProject
Project("{9A19103F-16F7-4668-BE54-9A1E7A4F7556}") = "R5T.T0156", "..\..\R5T.T0156\source\R5T.T0156\R5T.T0156.csproj", "{F7D127FF-1972-41F2-907E-6AEE79C35513}"
EndProject
Project("{9A19103F-16F7-4668-BE54-9A1E7A4F7556}") = "R5T.Y0000", "..\..\R5T.Y0000\source\R5T.Y0000\R5T.Y0000.csproj", "{0852F7BC-D2AB-4DB2-AE57-FC7DAC0EB7AE}"
EndProject
Project("{9A19103F-16F7-4668-BE54-9A1E7A4F7556}") = "R5T.Z0013", "..\..\R5T.Z0013\source\R5T.Z0013\R5T.Z0013.csproj", "{C87D47AE-1863-493F-8B6B-11EEB0AB59A1}"
EndProject
Global
	GlobalSection(NestedProjects) = preSolution
		{FFF87C3F-4A59-4836-B09F-DD7474FE9CAB} = {E6436E96-B5A1-4671-A778-CB1A1CF81268}
		{08F5BFDA-8342-4988-A22D-6B296CE9BF3B} = {E6436E96-B5A1-4671-A778-CB1A1CF81268}
		{358FE03F-C7EB-4986-8A89-CF52830F14FC} = {E6436E96-B5A1-4671-A778-CB1A1CF81268}
		{4B2246E5-255E-4E0E-8A6B-BF573D904C31} = {E6436E96-B5A1-4671-A778-CB1A1CF81268}
		{AD19DC39-015A-445B-BD20-78F924CDCD6E} = {E6436E96-B5A1-4671-A778-CB1A1CF81268}
		{922351E6-B894-4A57-85DB-CBA45BFF7351} = {E6436E96-B5A1-4671-A778-CB1A1CF81268}
		{D67E152D-8605-4209-897E-12DD75DBAC36} = {E6436E96-B5A1-4671-A778-CB1A1CF81268}
		{0D6A7834-A31A-4EF6-92EC-4633D8E1FBD3} = {E6436E96-B5A1-4671-A778-CB1A1CF81268}
		{F7D127FF-1972-41F2-907E-6AEE79C35513} = {E6436E96-B5A1-4671-A778-CB1A1CF81268}
		{0852F7BC-D2AB-4DB2-AE57-FC7DAC0EB7AE} = {E6436E96-B5A1-4671-A778-CB1A1CF81268}
		{C87D47AE-1863-493F-8B6B-11EEB0AB59A1} = {E6436E96-B5A1-4671-A778-CB1A1CF81268}
	EndGlobalSection
	GlobalSection(SolutionConfigurationPlatforms) = preSolution
		Debug|Any CPU = Debug|Any CPU
		Release|Any CPU = Release|Any CPU
	EndGlobalSection
	GlobalSection(ProjectConfigurationPlatforms) = postSolution
		{19FBB9C8-15C3-4590-A1CE-2D281F81D29C}.Debug|Any CPU.ActiveCfg = Debug|Any CPU
		{19FBB9C8-15C3-4590-A1CE-2D281F81D29C}.Debug|Any CPU.Build.0 = Debug|Any CPU
		{19FBB9C8-15C3-4590-A1CE-2D281F81D29C}.Release|Any CPU.ActiveCfg = Release|Any CPU
		{19FBB9C8-15C3-4590-A1CE-2D281F81D29C}.Release|Any CPU.Build.0 = Release|Any CPU
		{FFF87C3F-4A59-4836-B09F-DD7474FE9CAB}.Debug|Any CPU.ActiveCfg = Debug|Any CPU
		{FFF87C3F-4A59-4836-B09F-DD7474FE9CAB}.Debug|Any CPU.Build.0 = Debug|Any CPU
		{FFF87C3F-4A59-4836-B09F-DD7474FE9CAB}.Release|Any CPU.ActiveCfg = Release|Any CPU
		{FFF87C3F-4A59-4836-B09F-DD7474FE9CAB}.Release|Any CPU.Build.0 = Release|Any CPU
		{08F5BFDA-8342-4988-A22D-6B296CE9BF3B}.Debug|Any CPU.ActiveCfg = Debug|Any CPU
		{08F5BFDA-8342-4988-A22D-6B296CE9BF3B}.Debug|Any CPU.Build.0 = Debug|Any CPU
		{08F5BFDA-8342-4988-A22D-6B296CE9BF3B}.Release|Any CPU.ActiveCfg = Release|Any CPU
		{08F5BFDA-8342-4988-A22D-6B296CE9BF3B}.Release|Any CPU.Build.0 = Release|Any CPU
		{358FE03F-C7EB-4986-8A89-CF52830F14FC}.Debug|Any CPU.ActiveCfg = Debug|Any CPU
		{358FE03F-C7EB-4986-8A89-CF52830F14FC}.Debug|Any CPU.Build.0 = Debug|Any CPU
		{358FE03F-C7EB-4986-8A89-CF52830F14FC}.Release|Any CPU.ActiveCfg = Release|Any CPU
		{358FE03F-C7EB-4986-8A89-CF52830F14FC}.Release|Any CPU.Build.0 = Release|Any CPU
		{4B2246E5-255E-4E0E-8A6B-BF573D904C31}.Debug|Any CPU.ActiveCfg = Debug|Any CPU
		{4B2246E5-255E-4E0E-8A6B-BF573D904C31}.Debug|Any CPU.Build.0 = Debug|Any CPU
		{4B2246E5-255E-4E0E-8A6B-BF573D904C31}.Release|Any CPU.ActiveCfg = Release|Any CPU
		{4B2246E5-255E-4E0E-8A6B-BF573D904C31}.Release|Any CPU.Build.0 = Release|Any CPU
		{AD19DC39-015A-445B-BD20-78F924CDCD6E}.Debug|Any CPU.ActiveCfg = Debug|Any CPU
		{AD19DC39-015A-445B-BD20-78F924CDCD6E}.Debug|Any CPU.Build.0 = Debug|Any CPU
		{AD19DC39-015A-445B-BD20-78F924CDCD6E}.Release|Any CPU.ActiveCfg = Release|Any CPU
		{AD19DC39-015A-445B-BD20-78F924CDCD6E}.Release|Any CPU.Build.0 = Release|Any CPU
		{922351E6-B894-4A57-85DB-CBA45BFF7351}.Debug|Any CPU.ActiveCfg = Debug|Any CPU
		{922351E6-B894-4A57-85DB-CBA45BFF7351}.Debug|Any CPU.Build.0 = Debug|Any CPU
		{922351E6-B894-4A57-85DB-CBA45BFF7351}.Release|Any CPU.ActiveCfg = Release|Any CPU
		{922351E6-B894-4A57-85DB-CBA45BFF7351}.Release|Any CPU.Build.0 = Release|Any CPU
		{D67E152D-8605-4209-897E-12DD75DBAC36}.Debug|Any CPU.ActiveCfg = Debug|Any CPU
		{D67E152D-8605-4209-897E-12DD75DBAC36}.Debug|Any CPU.Build.0 = Debug|Any CPU
		{D67E152D-8605-4209-897E-12DD75DBAC36}.Release|Any CPU.ActiveCfg = Release|Any CPU
		{D67E152D-8605-4209-897E-12DD75DBAC36}.Release|Any CPU.Build.0 = Release|Any CPU
		{0D6A7834-A31A-4EF6-92EC-4633D8E1FBD3}.Debug|Any CPU.ActiveCfg = Debug|Any CPU
		{0D6A7834-A31A-4EF6-92EC-4633D8E1FBD3}.Debug|Any CPU.Build.0 = Debug|Any CPU
		{0D6A7834-A31A-4EF6-92EC-4633D8E1FBD3}.Release|Any CPU.ActiveCfg = Release|Any CPU
		{0D6A7834-A31A-4EF6-92EC-4633D8E1FBD3}.Release|Any CPU.Build.0 = Release|Any CPU
		{F7D127FF-1972-41F2-907E-6AEE79C35513}.Debug|Any CPU.ActiveCfg = Debug|Any CPU
		{F7D127FF-1972-41F2-907E-6AEE79C35513}.Debug|Any CPU.Build.0 = Debug|Any CPU
		{F7D127FF-1972-41F2-907E-6AEE79C35513}.Release|Any CPU.ActiveCfg = Release|Any CPU
		{F7D127FF-1972-41F2-907E-6AEE79C35513}.Release|Any CPU.Build.0 = Release|Any CPU
		{0852F7BC-D2AB-4DB2-AE57-FC7DAC0EB7AE}.Debug|Any CPU.ActiveCfg = Debug|Any CPU
		{0852F7BC-D2AB-4DB2-AE57-FC7DAC0EB7AE}.Debug|Any CPU.Build.0 = Debug|Any CPU
		{0852F7BC-D2AB-4DB2-AE57-FC7DAC0EB7AE}.Release|Any CPU.ActiveCfg = Release|Any CPU
		{0852F7BC-D2AB-4DB2-AE57-FC7DAC0EB7AE}.Release|Any CPU.Build.0 = Release|Any CPU
		{C87D47AE-1863-493F-8B6B-11EEB0AB59A1}.Debug|Any CPU.ActiveCfg = Debug|Any CPU
		{C87D47AE-1863-493F-8B6B-11EEB0AB59A1}.Debug|Any CPU.Build.0 = Debug|Any CPU
		{C87D47AE-1863-493F-8B6B-11EEB0AB59A1}.Release|Any CPU.ActiveCfg = Release|Any CPU
		{C87D47AE-1863-493F-8B6B-11EEB0AB59A1}.Release|Any CPU.Build.0 = Release|Any CPU
	EndGlobalSection
	GlobalSection(SolutionProperties) = preSolution
		HideSolutionNode = FALSE
	EndGlobalSection
	GlobalSection(ExtensibilityGlobals) = postSolution
		SolutionGuid = {57CDFEEA-CA4D-4A8B-BEC0-D8BF1876E696}
	EndGlobalSection
EndGlobal
